
Microsoft Visual Studio Solution File, Format Version 12.00
# Visual Studio Version 16
VisualStudioVersion = 16.0.808.4
MinimumVisualStudioVersion = 10.0.40219.1
Project("{FAE04EC0-301F-11D3-BF4B-00C04F79EFBC}") = "Proyecto1.API", "Proyecto1.API.csproj", "{C125E916-8FB6-414A-B24E-AFDC1BB2C2AB}"
EndProject
Global
	GlobalSection(SolutionConfigurationPlatforms) = preSolution
		Debug|Any CPU = Debug|Any CPU
		Release|Any CPU = Release|Any CPU
	EndGlobalSection
	GlobalSection(ProjectConfigurationPlatforms) = postSolution
		{C125E916-8FB6-414A-B24E-AFDC1BB2C2AB}.Debug|Any CPU.ActiveCfg = Debug|Any CPU
		{C125E916-8FB6-414A-B24E-AFDC1BB2C2AB}.Debug|Any CPU.Build.0 = Debug|Any CPU
		{C125E916-8FB6-414A-B24E-AFDC1BB2C2AB}.Release|Any CPU.ActiveCfg = Release|Any CPU
		{C125E916-8FB6-414A-B24E-AFDC1BB2C2AB}.Release|Any CPU.Build.0 = Release|Any CPU
	EndGlobalSection
	GlobalSection(SolutionProperties) = preSolution
		HideSolutionNode = FALSE
	EndGlobalSection
	GlobalSection(ExtensibilityGlobals) = postSolution
		SolutionGuid = {CE394668-46CD-4B74-8FE4-C2F93B924F6D}
	EndGlobalSection
EndGlobal
